
Microsoft Visual Studio Solution File, Format Version 12.00
# Visual Studio 15
VisualStudioVersion = 15.0.26730.16
MinimumVisualStudioVersion = 10.0.40219.1
Project("{FAE04EC0-301F-11D3-BF4B-00C04F79EFBC}") = "OrganizeMonkey", "OrganizeMonkey\OrganizeMonkey.csproj", "{89985BEE-F5E5-47C8-9DC3-3616EAABDB8D}"
EndProject
Project("{FAE04EC0-301F-11D3-BF4B-00C04F79EFBC}") = "EFMonkey", "EFMonkey\EFMonkey.csproj", "{9202EB99-F9F6-48E6-ABF4-557D368A3602}"
EndProject
Project("{FAE04EC0-301F-11D3-BF4B-00C04F79EFBC}") = "Administration", "Administration\Administration.csproj", "{70DB612E-6579-4164-AA88-71B9977485A7}"
EndProject
Global
	GlobalSection(SolutionConfigurationPlatforms) = preSolution
		Debug|Any CPU = Debug|Any CPU
		Release|Any CPU = Release|Any CPU
	EndGlobalSection
	GlobalSection(ProjectConfigurationPlatforms) = postSolution
		{89985BEE-F5E5-47C8-9DC3-3616EAABDB8D}.Debug|Any CPU.ActiveCfg = Debug|Any CPU
		{89985BEE-F5E5-47C8-9DC3-3616EAABDB8D}.Debug|Any CPU.Build.0 = Debug|Any CPU
		{89985BEE-F5E5-47C8-9DC3-3616EAABDB8D}.Release|Any CPU.ActiveCfg = Release|Any CPU
		{89985BEE-F5E5-47C8-9DC3-3616EAABDB8D}.Release|Any CPU.Build.0 = Release|Any CPU
		{9202EB99-F9F6-48E6-ABF4-557D368A3602}.Debug|Any CPU.ActiveCfg = Debug|Any CPU
		{9202EB99-F9F6-48E6-ABF4-557D368A3602}.Debug|Any CPU.Build.0 = Debug|Any CPU
		{9202EB99-F9F6-48E6-ABF4-557D368A3602}.Release|Any CPU.ActiveCfg = Release|Any CPU
		{9202EB99-F9F6-48E6-ABF4-557D368A3602}.Release|Any CPU.Build.0 = Release|Any CPU
		{70DB612E-6579-4164-AA88-71B9977485A7}.Debug|Any CPU.ActiveCfg = Debug|Any CPU
		{70DB612E-6579-4164-AA88-71B9977485A7}.Debug|Any CPU.Build.0 = Debug|Any CPU
		{70DB612E-6579-4164-AA88-71B9977485A7}.Release|Any CPU.ActiveCfg = Release|Any CPU
		{70DB612E-6579-4164-AA88-71B9977485A7}.Release|Any CPU.Build.0 = Release|Any CPU
	EndGlobalSection
	GlobalSection(SolutionProperties) = preSolution
		HideSolutionNode = FALSE
	EndGlobalSection
	GlobalSection(ExtensibilityGlobals) = postSolution
		SolutionGuid = {59B2B1DE-4D3D-4B97-9DBF-1ADB25AD56BC}
	EndGlobalSection
EndGlobal
